
Microsoft Visual Studio Solution File, Format Version 12.00
# Visual Studio Version 16
VisualStudioVersion = 16.0.29613.14
MinimumVisualStudioVersion = 10.0.40219.1
Project("{2150E333-8FDC-42A3-9474-1A3956D46DE8}") = "src", "src", "{7EF77886-75E7-47B8-A8CC-4BF4EB0C5033}"
EndProject
Project("{FAE04EC0-301F-11D3-BF4B-00C04F79EFBC}") = "VSCoverage", "src\VSCoverage\VSCoverage.csproj", "{688B368F-5678-4271-B85F-87FC4D599EE9}"
EndProject
Project("{2150E333-8FDC-42A3-9474-1A3956D46DE8}") = "Solution Items", "Solution Items", "{5E076031-AA68-4B18-AFFB-3D80F0F1F86F}"
	ProjectSection(SolutionItems) = preProject
		.editorconfig = .editorconfig
	EndProjectSection
EndProject
Global
	GlobalSection(SolutionConfigurationPlatforms) = preSolution
		Debug|Any CPU = Debug|Any CPU
		Release|Any CPU = Release|Any CPU
	EndGlobalSection
	GlobalSection(ProjectConfigurationPlatforms) = postSolution
		{688B368F-5678-4271-B85F-87FC4D599EE9}.Debug|Any CPU.ActiveCfg = Debug|Any CPU
		{688B368F-5678-4271-B85F-87FC4D599EE9}.Debug|Any CPU.Build.0 = Debug|Any CPU
		{688B368F-5678-4271-B85F-87FC4D599EE9}.Release|Any CPU.ActiveCfg = Release|Any CPU
		{688B368F-5678-4271-B85F-87FC4D599EE9}.Release|Any CPU.Build.0 = Release|Any CPU
	EndGlobalSection
	GlobalSection(SolutionProperties) = preSolution
		HideSolutionNode = FALSE
	EndGlobalSection
	GlobalSection(NestedProjects) = preSolution
		{688B368F-5678-4271-B85F-87FC4D599EE9} = {7EF77886-75E7-47B8-A8CC-4BF4EB0C5033}
	EndGlobalSection
	GlobalSection(ExtensibilityGlobals) = postSolution
		SolutionGuid = {D3C3C2F2-685B-45DE-AE05-0C0453EE2FEC}
	EndGlobalSection
EndGlobal
